// !$*UTF8*$!
{
	archiveVersion = 1;
	classes = {
	};
	objectVersion = 46;
	objects = {

/* Begin PBXBuildFile section */
		480A78A044EA471A1515E997 /* libPods-SendHttpDemo.a in Frameworks */ = {isa = PBXBuildFile; fileRef = 7A17FE75583A1F055634471B /* libPods-SendHttpDemo.a */; };
		B5EC7E151E0BD01300ABA5D1 /* main.m in Sources */ = {isa = PBXBuildFile; fileRef = B5EC7E141E0BD01300ABA5D1 /* main.m */; };
		B5EC7E181E0BD01300ABA5D1 /* AppDelegate.m in Sources */ = {isa = PBXBuildFile; fileRef = B5EC7E171E0BD01300ABA5D1 /* AppDelegate.m */; };
		B5EC7E1B1E0BD01300ABA5D1 /* FirstViewController.m in Sources */ = {isa = PBXBuildFile; fileRef = B5EC7E1A1E0BD01300ABA5D1 /* FirstViewController.m */; };
		B5EC7E1E1E0BD01300ABA5D1 /* SecondViewController.m in Sources */ = {isa = PBXBuildFile; fileRef = B5EC7E1D1E0BD01300ABA5D1 /* SecondViewController.m */; };
		B5EC7E231E0BD01300ABA5D1 /* Assets.xcassets in Resources */ = {isa = PBXBuildFile; fileRef = B5EC7E221E0BD01300ABA5D1 /* Assets.xcassets */; };
		B5EC7E411E0BD05F00ABA5D1 /* CCParkingRequestTipView.m in Sources */ = {isa = PBXBuildFile; fileRef = B5EC7E2F1E0BD05F00ABA5D1 /* CCParkingRequestTipView.m */; };
		B5EC7E421E0BD05F00ABA5D1 /* UIButton+CCExtension.m in Sources */ = {isa = PBXBuildFile; fileRef = B5EC7E311E0BD05F00ABA5D1 /* UIButton+CCExtension.m */; };
		B5EC7E431E0BD05F00ABA5D1 /* UITableView+CCExtension.m in Sources */ = {isa = PBXBuildFile; fileRef = B5EC7E331E0BD05F00ABA5D1 /* UITableView+CCExtension.m */; };
		B5EC7E441E0BD05F00ABA5D1 /* UIView+CCView.m in Sources */ = {isa = PBXBuildFile; fileRef = B5EC7E351E0BD05F00ABA5D1 /* UIView+CCView.m */; };
		B5EC7E451E0BD05F00ABA5D1 /* CCFMDBTool.m in Sources */ = {isa = PBXBuildFile; fileRef = B5EC7E381E0BD05F00ABA5D1 /* CCFMDBTool.m */; };
		B5EC7E461E0BD05F00ABA5D1 /* CCHttpRequestModel+CCExtension.m in Sources */ = {isa = PBXBuildFile; fileRef = B5EC7E3A1E0BD05F00ABA5D1 /* CCHttpRequestModel+CCExtension.m */; };
		B5EC7E471E0BD05F00ABA5D1 /* CCHttpRequestModel.m in Sources */ = {isa = PBXBuildFile; fileRef = B5EC7E3C1E0BD05F00ABA5D1 /* CCHttpRequestModel.m */; };
		B5EC7E481E0BD05F00ABA5D1 /* CCHttpRequestTools+CCExtension.m in Sources */ = {isa = PBXBuildFile; fileRef = B5EC7E3E1E0BD05F00ABA5D1 /* CCHttpRequestTools+CCExtension.m */; };
		B5EC7E491E0BD05F00ABA5D1 /* CCHttpRequestTools.m in Sources */ = {isa = PBXBuildFile; fileRef = B5EC7E401E0BD05F00ABA5D1 /* CCHttpRequestTools.m */; };
		B5EC7E501E0BD08F00ABA5D1 /* Foundation+Log.m in Sources */ = {isa = PBXBuildFile; fileRef = B5EC7E4A1E0BD08F00ABA5D1 /* Foundation+Log.m */; };
		B5EC7E511E0BD08F00ABA5D1 /* CCBaseViewController.m in Sources */ = {isa = PBXBuildFile; fileRef = B5EC7E4C1E0BD08F00ABA5D1 /* CCBaseViewController.m */; };
		B5EC7E521E0BD08F00ABA5D1 /* DemoVC.m in Sources */ = {isa = PBXBuildFile; fileRef = B5EC7E4E1E0BD08F00ABA5D1 /* DemoVC.m */; };
		B5EC7E531E0BD08F00ABA5D1 /* DemoVC.xib in Resources */ = {isa = PBXBuildFile; fileRef = B5EC7E4F1E0BD08F00ABA5D1 /* DemoVC.xib */; };
		B5EC7E561E0BE50800ABA5D1 /* LaunchScreen.storyboard in Resources */ = {isa = PBXBuildFile; fileRef = B5EC7E241E0BD01300ABA5D1 /* LaunchScreen.storyboard */; };
		B5EC7E571E0BE51100ABA5D1 /* Main.storyboard in Resources */ = {isa = PBXBuildFile; fileRef = B5EC7E541E0BD0C900ABA5D1 /* Main.storyboard */; };
/* End PBXBuildFile section */

/* Begin PBXFileReference section */
		7A17FE75583A1F055634471B /* libPods-SendHttpDemo.a */ = {isa = PBXFileReference; explicitFileType = archive.ar; includeInIndex = 0; path = "libPods-SendHttpDemo.a"; sourceTree = BUILT_PRODUCTS_DIR; };
		7B9F34F8C5A2EE140D9BB4BD /* Pods-SendHttpDemo.release.xcconfig */ = {isa = PBXFileReference; includeInIndex = 1; lastKnownFileType = text.xcconfig; name = "Pods-SendHttpDemo.release.xcconfig"; path = "Pods/Target Support Files/Pods-SendHttpDemo/Pods-SendHttpDemo.release.xcconfig"; sourceTree = "<group>"; };
		B5EC7E101E0BD01300ABA5D1 /* SendHttpDemo.app */ = {isa = PBXFileReference; explicitFileType = wrapper.application; includeInIndex = 0; path = SendHttpDemo.app; sourceTree = BUILT_PRODUCTS_DIR; };
		B5EC7E141E0BD01300ABA5D1 /* main.m */ = {isa = PBXFileReference; lastKnownFileType = sourcecode.c.objc; path = main.m; sourceTree = "<group>"; };
		B5EC7E161E0BD01300ABA5D1 /* AppDelegate.h */ = {isa = PBXFileReference; lastKnownFileType = sourcecode.c.h; path = AppDelegate.h; sourceTree = "<group>"; };
		B5EC7E171E0BD01300ABA5D1 /* AppDelegate.m */ = {isa = PBXFileReference; lastKnownFileType = sourcecode.c.objc; path = AppDelegate.m; sourceTree = "<group>"; };
		B5EC7E191E0BD01300ABA5D1 /* FirstViewController.h */ = {isa = PBXFileReference; lastKnownFileType = sourcecode.c.h; path = FirstViewController.h; sourceTree = "<group>"; };
		B5EC7E1A1E0BD01300ABA5D1 /* FirstViewController.m */ = {isa = PBXFileReference; lastKnownFileType = sourcecode.c.objc; path = FirstViewController.m; sourceTree = "<group>"; };
		B5EC7E1C1E0BD01300ABA5D1 /* SecondViewController.h */ = {isa = PBXFileReference; lastKnownFileType = sourcecode.c.h; path = SecondViewController.h; sourceTree = "<group>"; };
		B5EC7E1D1E0BD01300ABA5D1 /* SecondViewController.m */ = {isa = PBXFileReference; lastKnownFileType = sourcecode.c.objc; path = SecondViewController.m; sourceTree = "<group>"; };
		B5EC7E221E0BD01300ABA5D1 /* Assets.xcassets */ = {isa = PBXFileReference; lastKnownFileType = folder.assetcatalog; path = Assets.xcassets; sourceTree = "<group>"; };
		B5EC7E251E0BD01300ABA5D1 /* Base */ = {isa = PBXFileReference; lastKnownFileType = file.storyboard; name = Base; path = Base.lproj/LaunchScreen.storyboard; sourceTree = "<group>"; };
		B5EC7E271E0BD01300ABA5D1 /* Info.plist */ = {isa = PBXFileReference; lastKnownFileType = text.plist.xml; path = Info.plist; sourceTree = "<group>"; };
		B5EC7E2E1E0BD05F00ABA5D1 /* CCParkingRequestTipView.h */ = {isa = PBXFileReference; fileEncoding = 4; lastKnownFileType = sourcecode.c.h; path = CCParkingRequestTipView.h; sourceTree = "<group>"; };
		B5EC7E2F1E0BD05F00ABA5D1 /* CCParkingRequestTipView.m */ = {isa = PBXFileReference; fileEncoding = 4; lastKnownFileType = sourcecode.c.objc; path = CCParkingRequestTipView.m; sourceTree = "<group>"; };
		B5EC7E301E0BD05F00ABA5D1 /* UIButton+CCExtension.h */ = {isa = PBXFileReference; fileEncoding = 4; lastKnownFileType = sourcecode.c.h; path = "UIButton+CCExtension.h"; sourceTree = "<group>"; };
		B5EC7E311E0BD05F00ABA5D1 /* UIButton+CCExtension.m */ = {isa = PBXFileReference; fileEncoding = 4; lastKnownFileType = sourcecode.c.objc; path = "UIButton+CCExtension.m"; sourceTree = "<group>"; };
		B5EC7E321E0BD05F00ABA5D1 /* UITableView+CCExtension.h */ = {isa = PBXFileReference; fileEncoding = 4; lastKnownFileType = sourcecode.c.h; path = "UITableView+CCExtension.h"; sourceTree = "<group>"; };
		B5EC7E331E0BD05F00ABA5D1 /* UITableView+CCExtension.m */ = {isa = PBXFileReference; fileEncoding = 4; lastKnownFileType = sourcecode.c.objc; path = "UITableView+CCExtension.m"; sourceTree = "<group>"; };
		B5EC7E341E0BD05F00ABA5D1 /* UIView+CCView.h */ = {isa = PBXFileReference; fileEncoding = 4; lastKnownFileType = sourcecode.c.h; path = "UIView+CCView.h"; sourceTree = "<group>"; };
		B5EC7E351E0BD05F00ABA5D1 /* UIView+CCView.m */ = {isa = PBXFileReference; fileEncoding = 4; lastKnownFileType = sourcecode.c.objc; path = "UIView+CCView.m"; sourceTree = "<group>"; };
		B5EC7E371E0BD05F00ABA5D1 /* CCFMDBTool.h */ = {isa = PBXFileReference; fileEncoding = 4; lastKnownFileType = sourcecode.c.h; path = CCFMDBTool.h; sourceTree = "<group>"; };
		B5EC7E381E0BD05F00ABA5D1 /* CCFMDBTool.m */ = {isa = PBXFileReference; fileEncoding = 4; lastKnownFileType = sourcecode.c.objc; path = CCFMDBTool.m; sourceTree = "<group>"; };
		B5EC7E391E0BD05F00ABA5D1 /* CCHttpRequestModel+CCExtension.h */ = {isa = PBXFileReference; fileEncoding = 4; lastKnownFileType = sourcecode.c.h; path = "CCHttpRequestModel+CCExtension.h"; sourceTree = "<group>"; };
		B5EC7E3A1E0BD05F00ABA5D1 /* CCHttpRequestModel+CCExtension.m */ = {isa = PBXFileReference; fileEncoding = 4; lastKnownFileType = sourcecode.c.objc; path = "CCHttpRequestModel+CCExtension.m"; sourceTree = "<group>"; };
		B5EC7E3B1E0BD05F00ABA5D1 /* CCHttpRequestModel.h */ = {isa = PBXFileReference; fileEncoding = 4; lastKnownFileType = sourcecode.c.h; path = CCHttpRequestModel.h; sourceTree = "<group>"; };
		B5EC7E3C1E0BD05F00ABA5D1 /* CCHttpRequestModel.m */ = {isa = PBXFileReference; fileEncoding = 4; lastKnownFileType = sourcecode.c.objc; path = CCHttpRequestModel.m; sourceTree = "<group>"; };
		B5EC7E3D1E0BD05F00ABA5D1 /* CCHttpRequestTools+CCExtension.h */ = {isa = PBXFileReference; fileEncoding = 4; lastKnownFileType = sourcecode.c.h; path = "CCHttpRequestTools+CCExtension.h"; sourceTree = "<group>"; };
		B5EC7E3E1E0BD05F00ABA5D1 /* CCHttpRequestTools+CCExtension.m */ = {isa = PBXFileReference; fileEncoding = 4; lastKnownFileType = sourcecode.c.objc; path = "CCHttpRequestTools+CCExtension.m"; sourceTree = "<group>"; };
		B5EC7E3F1E0BD05F00ABA5D1 /* CCHttpRequestTools.h */ = {isa = PBXFileReference; fileEncoding = 4; lastKnownFileType = sourcecode.c.h; path = CCHttpRequestTools.h; sourceTree = "<group>"; };
		B5EC7E401E0BD05F00ABA5D1 /* CCHttpRequestTools.m */ = {isa = PBXFileReference; fileEncoding = 4; lastKnownFileType = sourcecode.c.objc; path = CCHttpRequestTools.m; sourceTree = "<group>"; };
		B5EC7E4A1E0BD08F00ABA5D1 /* Foundation+Log.m */ = {isa = PBXFileReference; fileEncoding = 4; lastKnownFileType = sourcecode.c.objc; path = "Foundation+Log.m"; sourceTree = "<group>"; };
		B5EC7E4B1E0BD08F00ABA5D1 /* CCBaseViewController.h */ = {isa = PBXFileReference; fileEncoding = 4; lastKnownFileType = sourcecode.c.h; path = CCBaseViewController.h; sourceTree = "<group>"; };
		B5EC7E4C1E0BD08F00ABA5D1 /* CCBaseViewController.m */ = {isa = PBXFileReference; fileEncoding = 4; lastKnownFileType = sourcecode.c.objc; path = CCBaseViewController.m; sourceTree = "<group>"; };
		B5EC7E4D1E0BD08F00ABA5D1 /* DemoVC.h */ = {isa = PBXFileReference; fileEncoding = 4; lastKnownFileType = sourcecode.c.h; path = DemoVC.h; sourceTree = "<group>"; };
		B5EC7E4E1E0BD08F00ABA5D1 /* DemoVC.m */ = {isa = PBXFileReference; fileEncoding = 4; lastKnownFileType = sourcecode.c.objc; path = DemoVC.m; sourceTree = "<group>"; };
		B5EC7E4F1E0BD08F00ABA5D1 /* DemoVC.xib */ = {isa = PBXFileReference; fileEncoding = 4; lastKnownFileType = file.xib; path = DemoVC.xib; sourceTree = "<group>"; };
		B5EC7E541E0BD0C900ABA5D1 /* Main.storyboard */ = {isa = PBXFileReference; fileEncoding = 4; lastKnownFileType = file.storyboard; path = Main.storyboard; sourceTree = "<group>"; };
		CC84C2ED474B490C0B071F4E /* Pods-SendHttpDemo.debug.xcconfig */ = {isa = PBXFileReference; includeInIndex = 1; lastKnownFileType = text.xcconfig; name = "Pods-SendHttpDemo.debug.xcconfig"; path = "Pods/Target Support Files/Pods-SendHttpDemo/Pods-SendHttpDemo.debug.xcconfig"; sourceTree = "<group>"; };
/* End PBXFileReference section */

/* Begin PBXFrameworksBuildPhase section */
		B5EC7E0D1E0BD01300ABA5D1 /* Frameworks */ = {
			isa = PBXFrameworksBuildPhase;
			buildActionMask = 2147483647;
			files = (
				480A78A044EA471A1515E997 /* libPods-SendHttpDemo.a in Frameworks */,
			);
			runOnlyForDeploymentPostprocessing = 0;
		};
/* End PBXFrameworksBuildPhase section */

/* Begin PBXGroup section */
		19E392F28526A19A60958B23 /* Pods */ = {
			isa = PBXGroup;
			children = (
				CC84C2ED474B490C0B071F4E /* Pods-SendHttpDemo.debug.xcconfig */,
				7B9F34F8C5A2EE140D9BB4BD /* Pods-SendHttpDemo.release.xcconfig */,
			);
			name = Pods;
			sourceTree = "<group>";
		};
		8C94BD9A69B0E7014009B98E /* Frameworks */ = {
			isa = PBXGroup;
			children = (
				7A17FE75583A1F055634471B /* libPods-SendHttpDemo.a */,
			);
			name = Frameworks;
			sourceTree = "<group>";
		};
		B5EC7E071E0BD01300ABA5D1 = {
			isa = PBXGroup;
			children = (
				B5EC7E2D1E0BD05F00ABA5D1 /* Gategory */,
				B5EC7E361E0BD05F00ABA5D1 /* HttpTools */,
				B5EC7E121E0BD01300ABA5D1 /* SendHttpDemo */,
				B5EC7E111E0BD01300ABA5D1 /* Products */,
				19E392F28526A19A60958B23 /* Pods */,
				8C94BD9A69B0E7014009B98E /* Frameworks */,
			);
			sourceTree = "<group>";
		};
		B5EC7E111E0BD01300ABA5D1 /* Products */ = {
			isa = PBXGroup;
			children = (
				B5EC7E101E0BD01300ABA5D1 /* SendHttpDemo.app */,
			);
			name = Products;
			sourceTree = "<group>";
		};
		B5EC7E121E0BD01300ABA5D1 /* SendHttpDemo */ = {
			isa = PBXGroup;
			children = (
				B5EC7E161E0BD01300ABA5D1 /* AppDelegate.h */,
				B5EC7E171E0BD01300ABA5D1 /* AppDelegate.m */,
				B5EC7E4A1E0BD08F00ABA5D1 /* Foundation+Log.m */,
				B5EC7E4B1E0BD08F00ABA5D1 /* CCBaseViewController.h */,
				B5EC7E4C1E0BD08F00ABA5D1 /* CCBaseViewController.m */,
				B5EC7E191E0BD01300ABA5D1 /* FirstViewController.h */,
				B5EC7E1A1E0BD01300ABA5D1 /* FirstViewController.m */,
				B5EC7E1C1E0BD01300ABA5D1 /* SecondViewController.h */,
				B5EC7E1D1E0BD01300ABA5D1 /* SecondViewController.m */,
				B5EC7E4D1E0BD08F00ABA5D1 /* DemoVC.h */,
				B5EC7E4E1E0BD08F00ABA5D1 /* DemoVC.m */,
				B5EC7E4F1E0BD08F00ABA5D1 /* DemoVC.xib */,
				B5EC7E541E0BD0C900ABA5D1 /* Main.storyboard */,
				B5EC7E221E0BD01300ABA5D1 /* Assets.xcassets */,
				B5EC7E241E0BD01300ABA5D1 /* LaunchScreen.storyboard */,
				B5EC7E271E0BD01300ABA5D1 /* Info.plist */,
				B5EC7E131E0BD01300ABA5D1 /* Supporting Files */,
			);
			path = SendHttpDemo;
			sourceTree = "<group>";
		};
		B5EC7E131E0BD01300ABA5D1 /* Supporting Files */ = {
			isa = PBXGroup;
			children = (
				B5EC7E141E0BD01300ABA5D1 /* main.m */,
			);
			name = "Supporting Files";
			sourceTree = "<group>";
		};
		B5EC7E2D1E0BD05F00ABA5D1 /* Gategory */ = {
			isa = PBXGroup;
			children = (
				B5EC7E2E1E0BD05F00ABA5D1 /* CCParkingRequestTipView.h */,
				B5EC7E2F1E0BD05F00ABA5D1 /* CCParkingRequestTipView.m */,
				B5EC7E301E0BD05F00ABA5D1 /* UIButton+CCExtension.h */,
				B5EC7E311E0BD05F00ABA5D1 /* UIButton+CCExtension.m */,
				B5EC7E321E0BD05F00ABA5D1 /* UITableView+CCExtension.h */,
				B5EC7E331E0BD05F00ABA5D1 /* UITableView+CCExtension.m */,
				B5EC7E341E0BD05F00ABA5D1 /* UIView+CCView.h */,
				B5EC7E351E0BD05F00ABA5D1 /* UIView+CCView.m */,
			);
			name = Gategory;
			path = SendHttpDemo/Gategory;
			sourceTree = "<group>";
		};
		B5EC7E361E0BD05F00ABA5D1 /* HttpTools */ = {
			isa = PBXGroup;
			children = (
				B5EC7E371E0BD05F00ABA5D1 /* CCFMDBTool.h */,
				B5EC7E381E0BD05F00ABA5D1 /* CCFMDBTool.m */,
				B5EC7E391E0BD05F00ABA5D1 /* CCHttpRequestModel+CCExtension.h */,
				B5EC7E3A1E0BD05F00ABA5D1 /* CCHttpRequestModel+CCExtension.m */,
				B5EC7E3B1E0BD05F00ABA5D1 /* CCHttpRequestModel.h */,
				B5EC7E3C1E0BD05F00ABA5D1 /* CCHttpRequestModel.m */,
				B5EC7E3D1E0BD05F00ABA5D1 /* CCHttpRequestTools+CCExtension.h */,
				B5EC7E3E1E0BD05F00ABA5D1 /* CCHttpRequestTools+CCExtension.m */,
				B5EC7E3F1E0BD05F00ABA5D1 /* CCHttpRequestTools.h */,
				B5EC7E401E0BD05F00ABA5D1 /* CCHttpRequestTools.m */,
			);
			name = HttpTools;
			path = SendHttpDemo/HttpTools;
			sourceTree = "<group>";
		};
/* End PBXGroup section */

/* Begin PBXNativeTarget section */
		B5EC7E0F1E0BD01300ABA5D1 /* SendHttpDemo */ = {
			isa = PBXNativeTarget;
			buildConfigurationList = B5EC7E2A1E0BD01300ABA5D1 /* Build configuration list for PBXNativeTarget "SendHttpDemo" */;
			buildPhases = (
				0DF1040C4E621E1DD9A28493 /* [CP] Check Pods Manifest.lock */,
				B5EC7E0C1E0BD01300ABA5D1 /* Sources */,
				B5EC7E0D1E0BD01300ABA5D1 /* Frameworks */,
				B5EC7E0E1E0BD01300ABA5D1 /* Resources */,
				5B4496D33FEAE21592B16595 /* [CP] Embed Pods Frameworks */,
				2D645591DD15F55C35363573 /* [CP] Copy Pods Resources */,
			);
			buildRules = (
			);
			dependencies = (
			);
			name = SendHttpDemo;
			productName = SendHttpDemo;
			productReference = B5EC7E101E0BD01300ABA5D1 /* SendHttpDemo.app */;
			productType = "com.apple.product-type.application";
		};
/* End PBXNativeTarget section */

/* Begin PBXProject section */
		B5EC7E081E0BD01300ABA5D1 /* Project object */ = {
			isa = PBXProject;
			attributes = {
				LastUpgradeCheck = 0810;
				ORGANIZATIONNAME = okdeer;
				TargetAttributes = {
					B5EC7E0F1E0BD01300ABA5D1 = {
						CreatedOnToolsVersion = 8.1;
						DevelopmentTeam = P8FFNR95EQ;
						ProvisioningStyle = Automatic;
					};
				};
			};
			buildConfigurationList = B5EC7E0B1E0BD01300ABA5D1 /* Build configuration list for PBXProject "SendHttpDemo" */;
			compatibilityVersion = "Xcode 3.2";
			developmentRegion = English;
			hasScannedForEncodings = 0;
			knownRegions = (
				en,
				Base,
			);
			mainGroup = B5EC7E071E0BD01300ABA5D1;
			productRefGroup = B5EC7E111E0BD01300ABA5D1 /* Products */;
			projectDirPath = "";
			projectRoot = "";
			targets = (
				B5EC7E0F1E0BD01300ABA5D1 /* SendHttpDemo */,
			);
		};
/* End PBXProject section */

/* Begin PBXResourcesBuildPhase section */
		B5EC7E0E1E0BD01300ABA5D1 /* Resources */ = {
			isa = PBXResourcesBuildPhase;
			buildActionMask = 2147483647;
			files = (
				B5EC7E571E0BE51100ABA5D1 /* Main.storyboard in Resources */,
				B5EC7E561E0BE50800ABA5D1 /* LaunchScreen.storyboard in Resources */,
				B5EC7E531E0BD08F00ABA5D1 /* DemoVC.xib in Resources */,
				B5EC7E231E0BD01300ABA5D1 /* Assets.xcassets in Resources */,
			);
			runOnlyForDeploymentPostprocessing = 0;
		};
/* End PBXResourcesBuildPhase section */

/* Begin PBXShellScriptBuildPhase section */
		0DF1040C4E621E1DD9A28493 /* [CP] Check Pods Manifest.lock */ = {
			isa = PBXShellScriptBuildPhase;
			buildActionMask = 2147483647;
			files = (
			);
			inputPaths = (
			);
			name = "[CP] Check Pods Manifest.lock";
			outputPaths = (
			);
			runOnlyForDeploymentPostprocessing = 0;
			shellPath = /bin/sh;
			shellScript = "diff \"${PODS_ROOT}/../Podfile.lock\" \"${PODS_ROOT}/Manifest.lock\" > /dev/null\nif [ $? != 0 ] ; then\n    # print error to STDERR\n    echo \"error: The sandbox is not in sync with the Podfile.lock. Run 'pod install' or update your CocoaPods installation.\" >&2\n    exit 1\nfi\n";
			showEnvVarsInLog = 0;
		};
		2D645591DD15F55C35363573 /* [CP] Copy Pods Resources */ = {
			isa = PBXShellScriptBuildPhase;
			buildActionMask = 2147483647;
			files = (
			);
			inputPaths = (
			);
			name = "[CP] Copy Pods Resources";
			outputPaths = (
			);
			runOnlyForDeploymentPostprocessing = 0;
			shellPath = /bin/sh;
			shellScript = "\"${SRCROOT}/Pods/Target Support Files/Pods-SendHttpDemo/Pods-SendHttpDemo-resources.sh\"\n";
			showEnvVarsInLog = 0;
		};
		5B4496D33FEAE21592B16595 /* [CP] Embed Pods Frameworks */ = {
			isa = PBXShellScriptBuildPhase;
			buildActionMask = 2147483647;
			files = (
			);
			inputPaths = (
			);
			name = "[CP] Embed Pods Frameworks";
			outputPaths = (
			);
			runOnlyForDeploymentPostprocessing = 0;
			shellPath = /bin/sh;
			shellScript = "\"${SRCROOT}/Pods/Target Support Files/Pods-SendHttpDemo/Pods-SendHttpDemo-frameworks.sh\"\n";
			showEnvVarsInLog = 0;
		};
/* End PBXShellScriptBuildPhase section */

/* Begin PBXSourcesBuildPhase section */
		B5EC7E0C1E0BD01300ABA5D1 /* Sources */ = {
			isa = PBXSourcesBuildPhase;
			buildActionMask = 2147483647;
			files = (
				B5EC7E461E0BD05F00ABA5D1 /* CCHttpRequestModel+CCExtension.m in Sources */,
				B5EC7E521E0BD08F00ABA5D1 /* DemoVC.m in Sources */,
				B5EC7E501E0BD08F00ABA5D1 /* Foundation+Log.m in Sources */,
				B5EC7E1E1E0BD01300ABA5D1 /* SecondViewController.m in Sources */,
				B5EC7E481E0BD05F00ABA5D1 /* CCHttpRequestTools+CCExtension.m in Sources */,
				B5EC7E471E0BD05F00ABA5D1 /* CCHttpRequestModel.m in Sources */,
				B5EC7E511E0BD08F00ABA5D1 /* CCBaseViewController.m in Sources */,
				B5EC7E451E0BD05F00ABA5D1 /* CCFMDBTool.m in Sources */,
				B5EC7E181E0BD01300ABA5D1 /* AppDelegate.m in Sources */,
				B5EC7E1B1E0BD01300ABA5D1 /* FirstViewController.m in Sources */,
				B5EC7E151E0BD01300ABA5D1 /* main.m in Sources */,
				B5EC7E431E0BD05F00ABA5D1 /* UITableView+CCExtension.m in Sources */,
				B5EC7E411E0BD05F00ABA5D1 /* CCParkingRequestTipView.m in Sources */,
				B5EC7E421E0BD05F00ABA5D1 /* UIButton+CCExtension.m in Sources */,
				B5EC7E441E0BD05F00ABA5D1 /* UIView+CCView.m in Sources */,
				B5EC7E491E0BD05F00ABA5D1 /* CCHttpRequestTools.m in Sources */,
			);
			runOnlyForDeploymentPostprocessing = 0;
		};
/* End PBXSourcesBuildPhase section */

/* Begin PBXVariantGroup section */
		B5EC7E241E0BD01300ABA5D1 /* LaunchScreen.storyboard */ = {
			isa = PBXVariantGroup;
			children = (
				B5EC7E251E0BD01300ABA5D1 /* Base */,
			);
			name = LaunchScreen.storyboard;
			sourceTree = "<group>";
		};
/* End PBXVariantGroup section */

/* Begin XCBuildConfiguration section */
		B5EC7E281E0BD01300ABA5D1 /* Debug */ = {
			isa = XCBuildConfiguration;
			buildSettings = {
				ALWAYS_SEARCH_USER_PATHS = NO;
				CLANG_ANALYZER_NONNULL = YES;
				CLANG_CXX_LANGUAGE_STANDARD = "gnu++0x";
				CLANG_CXX_LIBRARY = "libc++";
				CLANG_ENABLE_MODULES = YES;
				CLANG_ENABLE_OBJC_ARC = YES;
				CLANG_WARN_BOOL_CONVERSION = YES;
				CLANG_WARN_CONSTANT_CONVERSION = YES;
				CLANG_WARN_DIRECT_OBJC_ISA_USAGE = YES_ERROR;
				CLANG_WARN_DOCUMENTATION_COMMENTS = YES;
				CLANG_WARN_EMPTY_BODY = YES;
				CLANG_WARN_ENUM_CONVERSION = YES;
				CLANG_WARN_INFINITE_RECURSION = YES;
				CLANG_WARN_INT_CONVERSION = YES;
				CLANG_WARN_OBJC_ROOT_CLASS = YES_ERROR;
				CLANG_WARN_SUSPICIOUS_MOVES = YES;
				CLANG_WARN_UNREACHABLE_CODE = YES;
				CLANG_WARN__DUPLICATE_METHOD_MATCH = YES;
				"CODE_SIGN_IDENTITY[sdk=iphoneos*]" = "iPhone Developer";
				COPY_PHASE_STRIP = NO;
				DEBUG_INFORMATION_FORMAT = dwarf;
				ENABLE_STRICT_OBJC_MSGSEND = YES;
				ENABLE_TESTABILITY = YES;
				GCC_C_LANGUAGE_STANDARD = gnu99;
				GCC_DYNAMIC_NO_PIC = NO;
				GCC_NO_COMMON_BLOCKS = YES;
				GCC_OPTIMIZATION_LEVEL = 0;
				GCC_PREPROCESSOR_DEFINITIONS = (
					"DEBUG=1",
					"$(inherited)",
				);
				GCC_WARN_64_TO_32_BIT_CONVERSION = YES;
				GCC_WARN_ABOUT_RETURN_TYPE = YES_ERROR;
				GCC_WARN_UNDECLARED_SELECTOR = YES;
				GCC_WARN_UNINITIALIZED_AUTOS = YES_AGGRESSIVE;
				GCC_WARN_UNUSED_FUNCTION = YES;
				GCC_WARN_UNUSED_VARIABLE = YES;
				IPHONEOS_DEPLOYMENT_TARGET = 10.1;
				MTL_ENABLE_DEBUG_INFO = YES;
				ONLY_ACTIVE_ARCH = YES;
				SDKROOT = iphoneos;
				TARGETED_DEVICE_FAMILY = "1,2";
			};
			name = Debug;
		};
		B5EC7E291E0BD01300ABA5D1 /* Release */ = {
			isa = XCBuildConfiguration;
			buildSettings = {
				ALWAYS_SEARCH_USER_PATHS = NO;
				CLANG_ANALYZER_NONNULL = YES;
				CLANG_CXX_LANGUAGE_STANDARD = "gnu++0x";
				CLANG_CXX_LIBRARY = "libc++";
				CLANG_ENABLE_MODULES = YES;
				CLANG_ENABLE_OBJC_ARC = YES;
				CLANG_WARN_BOOL_CONVERSION = YES;
				CLANG_WARN_CONSTANT_CONVERSION = YES;
				CLANG_WARN_DIRECT_OBJC_ISA_USAGE = YES_ERROR;
				CLANG_WARN_DOCUMENTATION_COMMENTS = YES;
				CLANG_WARN_EMPTY_BODY = YES;
				CLANG_WARN_ENUM_CONVERSION = YES;
				CLANG_WARN_INFINITE_RECURSION = YES;
				CLANG_WARN_INT_CONVERSION = YES;
				CLANG_WARN_OBJC_ROOT_CLASS = YES_ERROR;
				CLANG_WARN_SUSPICIOUS_MOVES = YES;
				CLANG_WARN_UNREACHABLE_CODE = YES;
				CLANG_WARN__DUPLICATE_METHOD_MATCH = YES;
				"CODE_SIGN_IDENTITY[sdk=iphoneos*]" = "iPhone Developer";
				COPY_PHASE_STRIP = NO;
				DEBUG_INFORMATION_FORMAT = "dwarf-with-dsym";
				ENABLE_NS_ASSERTIONS = NO;
				ENABLE_STRICT_OBJC_MSGSEND = YES;
				GCC_C_LANGUAGE_STANDARD = gnu99;
				GCC_NO_COMMON_BLOCKS = YES;
				GCC_WARN_64_TO_32_BIT_CONVERSION = YES;
				GCC_WARN_ABOUT_RETURN_TYPE = YES_ERROR;
				GCC_WARN_UNDECLARED_SELECTOR = YES;
				GCC_WARN_UNINITIALIZED_AUTOS = YES_AGGRESSIVE;
				GCC_WARN_UNUSED_FUNCTION = YES;
				GCC_WARN_UNUSED_VARIABLE = YES;
				IPHONEOS_DEPLOYMENT_TARGET = 10.1;
				MTL_ENABLE_DEBUG_INFO = NO;
				SDKROOT = iphoneos;
				TARGETED_DEVICE_FAMILY = "1,2";
				VALIDATE_PRODUCT = YES;
			};
			name = Release;
		};
		B5EC7E2B1E0BD01300ABA5D1 /* Debug */ = {
			isa = XCBuildConfiguration;
			baseConfigurationReference = CC84C2ED474B490C0B071F4E /* Pods-SendHttpDemo.debug.xcconfig */;
			buildSettings = {
				ASSETCATALOG_COMPILER_APPICON_NAME = AppIcon;
				"CODE_SIGN_IDENTITY[sdk=iphoneos*]" = "iPhone Developer";
				DEVELOPMENT_TEAM = P8FFNR95EQ;
				INFOPLIST_FILE = SendHttpDemo/Info.plist;
				IPHONEOS_DEPLOYMENT_TARGET = 8.0;
				LD_RUNPATH_SEARCH_PATHS = "$(inherited) @executable_path/Frameworks";
				PRODUCT_BUNDLE_IDENTIFIER = com.study.SendHttpDemo;
				PRODUCT_NAME = "$(TARGET_NAME)";
				TARGETED_DEVICE_FAMILY = 1;
			};
			name = Debug;
		};
		B5EC7E2C1E0BD01300ABA5D1 /* Release */ = {
			isa = XCBuildConfiguration;
			baseConfigurationReference = 7B9F34F8C5A2EE140D9BB4BD /* Pods-SendHttpDemo.release.xcconfig */;
			buildSettings = {
				ASSETCATALOG_COMPILER_APPICON_NAME = AppIcon;
				"CODE_SIGN_IDENTITY[sdk=iphoneos*]" = "iPhone Developer";
				DEVELOPMENT_TEAM = P8FFNR95EQ;
				INFOPLIST_FILE = SendHttpDemo/Info.plist;
				IPHONEOS_DEPLOYMENT_TARGET = 8.0;
				LD_RUNPATH_SEARCH_PATHS = "$(inherited) @executable_path/Frameworks";
				PRODUCT_BUNDLE_IDENTIFIER = com.study.SendHttpDemo;
				PRODUCT_NAME = "$(TARGET_NAME)";
				TARGETED_DEVICE_FAMILY = 1;
			};
			name = Release;
		};
/* End XCBuildConfiguration section */

/* Begin XCConfigurationList section */
		B5EC7E0B1E0BD01300ABA5D1 /* Build configuration list for PBXProject "SendHttpDemo" */ = {
			isa = XCConfigurationList;
			buildConfigurations = (
				B5EC7E281E0BD01300ABA5D1 /* Debug */,
				B5EC7E291E0BD01300ABA5D1 /* Release */,
			);
			defaultConfigurationIsVisible = 0;
			defaultConfigurationName = Release;
		};
		B5EC7E2A1E0BD01300ABA5D1 /* Build configuration list for PBXNativeTarget "SendHttpDemo" */ = {
			isa = XCConfigurationList;
			buildConfigurations = (
				B5EC7E2B1E0BD01300ABA5D1 /* Debug */,
				B5EC7E2C1E0BD01300ABA5D1 /* Release */,
			);
			defaultConfigurationIsVisible = 0;
			defaultConfigurationName = Release;
		};
/* End XCConfigurationList section */
	};
	rootObject = B5EC7E081E0BD01300ABA5D1 /* Project object */;
}
